
Microsoft Visual Studio Solution File, Format Version 12.00
# Visual Studio Version 17
VisualStudioVersion = 17.7.34221.43
MinimumVisualStudioVersion = 10.0.40219.1
Project("{FAE04EC0-301F-11D3-BF4B-00C04F79EFBC}") = "GiveMePath", "GiveMePath\GiveMePath.csproj", "{5CCD15DB-318D-475D-8BA4-5399D7320016}"
EndProject
Project("{54435603-DBB4-11D2-8724-00A0C9A8B90C}") = "GiveMePathInstaller", "GiveMePathInstaller\GiveMePathInstaller.vdproj", "{5F032163-ED6F-435D-8B68-41AC44C439B2}"
EndProject
Global
	GlobalSection(SolutionConfigurationPlatforms) = preSolution
		Debug|Any CPU = Debug|Any CPU
		Debug|x64 = Debug|x64
		Release|Any CPU = Release|Any CPU
		Release|x64 = Release|x64
	EndGlobalSection
	GlobalSection(ProjectConfigurationPlatforms) = postSolution
		{5CCD15DB-318D-475D-8BA4-5399D7320016}.Debug|Any CPU.ActiveCfg = Debug|Any CPU
		{5CCD15DB-318D-475D-8BA4-5399D7320016}.Debug|Any CPU.Build.0 = Debug|Any CPU
		{5CCD15DB-318D-475D-8BA4-5399D7320016}.Debug|x64.ActiveCfg = Debug|x64
		{5CCD15DB-318D-475D-8BA4-5399D7320016}.Debug|x64.Build.0 = Debug|x64
		{5CCD15DB-318D-475D-8BA4-5399D7320016}.Release|Any CPU.ActiveCfg = Debug|Any CPU
		{5CCD15DB-318D-475D-8BA4-5399D7320016}.Release|Any CPU.Build.0 = Debug|Any CPU
		{5CCD15DB-318D-475D-8BA4-5399D7320016}.Release|x64.ActiveCfg = Release|x64
		{5CCD15DB-318D-475D-8BA4-5399D7320016}.Release|x64.Build.0 = Release|x64
		{5F032163-ED6F-435D-8B68-41AC44C439B2}.Debug|Any CPU.ActiveCfg = Release
		{5F032163-ED6F-435D-8B68-41AC44C439B2}.Debug|x64.ActiveCfg = Debug
		{5F032163-ED6F-435D-8B68-41AC44C439B2}.Debug|x64.Build.0 = Debug
		{5F032163-ED6F-435D-8B68-41AC44C439B2}.Release|Any CPU.ActiveCfg = Release
		{5F032163-ED6F-435D-8B68-41AC44C439B2}.Release|x64.ActiveCfg = Release
		{5F032163-ED6F-435D-8B68-41AC44C439B2}.Release|x64.Build.0 = Release
	EndGlobalSection
	GlobalSection(SolutionProperties) = preSolution
		HideSolutionNode = FALSE
	EndGlobalSection
	GlobalSection(ExtensibilityGlobals) = postSolution
		SolutionGuid = {D6A53086-96BE-4193-876E-D4ED2E892BBF}
	EndGlobalSection
EndGlobal
